
Microsoft Visual Studio Solution File, Format Version 12.00
# Visual Studio 15
VisualStudioVersion = 15.0.28010.2003
MinimumVisualStudioVersion = 10.0.40219.1
Project("{FAE04EC0-301F-11D3-BF4B-00C04F79EFBC}") = "webScraper", "webScraper\webScraper.csproj", "{F67363E2-32B9-426F-8A46-EB1F85CC6BCA}"
EndProject
Global
	GlobalSection(SolutionConfigurationPlatforms) = preSolution
		Debug|Any CPU = Debug|Any CPU
		Release|Any CPU = Release|Any CPU
	EndGlobalSection
	GlobalSection(ProjectConfigurationPlatforms) = postSolution
		{F67363E2-32B9-426F-8A46-EB1F85CC6BCA}.Debug|Any CPU.ActiveCfg = Debug|Any CPU
		{F67363E2-32B9-426F-8A46-EB1F85CC6BCA}.Debug|Any CPU.Build.0 = Debug|Any CPU
		{F67363E2-32B9-426F-8A46-EB1F85CC6BCA}.Release|Any CPU.ActiveCfg = Release|Any CPU
		{F67363E2-32B9-426F-8A46-EB1F85CC6BCA}.Release|Any CPU.Build.0 = Release|Any CPU
	EndGlobalSection
	GlobalSection(SolutionProperties) = preSolution
		HideSolutionNode = FALSE
	EndGlobalSection
	GlobalSection(ExtensibilityGlobals) = postSolution
		SolutionGuid = {265AB081-938D-4814-95D4-18D459E4C29F}
	EndGlobalSection
EndGlobal
