
Microsoft Visual Studio Solution File, Format Version 12.00
# Visual Studio 15
VisualStudioVersion = 15.0.28010.2003
MinimumVisualStudioVersion = 10.0.40219.1
Project("{FAE04EC0-301F-11D3-BF4B-00C04F79EFBC}") = "2018-09-05, Introduktion", "2018-09-05, Introduktion\2018-09-05, Introduktion.csproj", "{070EB3B0-0844-4265-916C-85DB01F01962}"
EndProject
Global
	GlobalSection(SolutionConfigurationPlatforms) = preSolution
		Debug|Any CPU = Debug|Any CPU
		Release|Any CPU = Release|Any CPU
	EndGlobalSection
	GlobalSection(ProjectConfigurationPlatforms) = postSolution
		{070EB3B0-0844-4265-916C-85DB01F01962}.Debug|Any CPU.ActiveCfg = Debug|Any CPU
		{070EB3B0-0844-4265-916C-85DB01F01962}.Debug|Any CPU.Build.0 = Debug|Any CPU
		{070EB3B0-0844-4265-916C-85DB01F01962}.Release|Any CPU.ActiveCfg = Release|Any CPU
		{070EB3B0-0844-4265-916C-85DB01F01962}.Release|Any CPU.Build.0 = Release|Any CPU
	EndGlobalSection
	GlobalSection(SolutionProperties) = preSolution
		HideSolutionNode = FALSE
	EndGlobalSection
	GlobalSection(ExtensibilityGlobals) = postSolution
		SolutionGuid = {EB561129-E708-443D-9DF0-5C8D4240D032}
	EndGlobalSection
EndGlobal
